
Microsoft Visual Studio Solution File, Format Version 10.00
# Visual Studio 2008
Project("{FAE04EC0-301F-11D3-BF4B-00C04F79EFBC}") = "Ec2FileUpload", "Ec2FileUpload\Ec2FileUpload.csproj", "{EC74C4B2-861E-4B51-80F1-31CF7914A92A}"
EndProject
Project("{FAE04EC0-301F-11D3-BF4B-00C04F79EFBC}") = "MsiUploadTst", "MsiUploadTst\MsiUploadTst.csproj", "{1DA05178-D1A4-4C5D-9E00-4A3FD26D7D8E}"
	ProjectSection(ProjectDependencies) = postProject
		{EC74C4B2-861E-4B51-80F1-31CF7914A92A} = {EC74C4B2-861E-4B51-80F1-31CF7914A92A}
	EndProjectSection
EndProject
Project("{FAE04EC0-301F-11D3-BF4B-00C04F79EFBC}") = "Ec2Bootstrapperlib", "Ec2Bootstrapperlib\Ec2Bootstrapperlib.csproj", "{BC74D0AD-82F2-4FEA-A6D9-BD4F923A7C03}"
	ProjectSection(ProjectDependencies) = postProject
		{EC74C4B2-861E-4B51-80F1-31CF7914A92A} = {EC74C4B2-861E-4B51-80F1-31CF7914A92A}
	EndProjectSection
EndProject
Project("{FAE04EC0-301F-11D3-BF4B-00C04F79EFBC}") = "Ec2Bootstrapper", "Ec2Bootstrapper\Ec2Bootstrapper.csproj", "{73DA308A-9CF2-48AF-A630-539FBDD74175}"
EndProject
Global
	GlobalSection(SolutionConfigurationPlatforms) = preSolution
		Debug|Any CPU = Debug|Any CPU
		Release|Any CPU = Release|Any CPU
	EndGlobalSection
	GlobalSection(ProjectConfigurationPlatforms) = postSolution
		{EC74C4B2-861E-4B51-80F1-31CF7914A92A}.Debug|Any CPU.ActiveCfg = Debug|Any CPU
		{EC74C4B2-861E-4B51-80F1-31CF7914A92A}.Debug|Any CPU.Build.0 = Debug|Any CPU
		{EC74C4B2-861E-4B51-80F1-31CF7914A92A}.Release|Any CPU.ActiveCfg = Release|Any CPU
		{EC74C4B2-861E-4B51-80F1-31CF7914A92A}.Release|Any CPU.Build.0 = Release|Any CPU
		{1DA05178-D1A4-4C5D-9E00-4A3FD26D7D8E}.Debug|Any CPU.ActiveCfg = Debug|Any CPU
		{1DA05178-D1A4-4C5D-9E00-4A3FD26D7D8E}.Debug|Any CPU.Build.0 = Debug|Any CPU
		{1DA05178-D1A4-4C5D-9E00-4A3FD26D7D8E}.Release|Any CPU.ActiveCfg = Release|Any CPU
		{1DA05178-D1A4-4C5D-9E00-4A3FD26D7D8E}.Release|Any CPU.Build.0 = Release|Any CPU
		{BC74D0AD-82F2-4FEA-A6D9-BD4F923A7C03}.Debug|Any CPU.ActiveCfg = Debug|Any CPU
		{BC74D0AD-82F2-4FEA-A6D9-BD4F923A7C03}.Debug|Any CPU.Build.0 = Debug|Any CPU
		{BC74D0AD-82F2-4FEA-A6D9-BD4F923A7C03}.Release|Any CPU.ActiveCfg = Release|Any CPU
		{BC74D0AD-82F2-4FEA-A6D9-BD4F923A7C03}.Release|Any CPU.Build.0 = Release|Any CPU
		{73DA308A-9CF2-48AF-A630-539FBDD74175}.Debug|Any CPU.ActiveCfg = Debug|Any CPU
		{73DA308A-9CF2-48AF-A630-539FBDD74175}.Debug|Any CPU.Build.0 = Debug|Any CPU
		{73DA308A-9CF2-48AF-A630-539FBDD74175}.Release|Any CPU.ActiveCfg = Release|Any CPU
		{73DA308A-9CF2-48AF-A630-539FBDD74175}.Release|Any CPU.Build.0 = Release|Any CPU
	EndGlobalSection
	GlobalSection(SolutionProperties) = preSolution
		HideSolutionNode = FALSE
	EndGlobalSection
EndGlobal
