
Microsoft Visual Studio Solution File, Format Version 10.00
# Visual Studio 2008
Project("{FAE04EC0-301F-11D3-BF4B-00C04F79EFBC}") = "Ec2FileUpload", "Ec2FileUpload\Ec2FileUpload.csproj", "{EC74C4B2-861E-4B51-80F1-31CF7914A92A}"
EndProject
Project("{FAE04EC0-301F-11D3-BF4B-00C04F79EFBC}") = "MsiUploadTst", "MsiUploadTst\MsiUploadTst.csproj", "{1DA05178-D1A4-4C5D-9E00-4A3FD26D7D8E}"
	ProjectSection(ProjectDependencies) = postProject
		{EC74C4B2-861E-4B51-80F1-31CF7914A92A} = {EC74C4B2-861E-4B51-80F1-31CF7914A92A}
	EndProjectSection
EndProject
Project("{FAE04EC0-301F-11D3-BF4B-00C04F79EFBC}") = "Ec2Bootstrapperlib", "Ec2Bootstrapperlib\Ec2Bootstrapperlib.csproj", "{BC74D0AD-82F2-4FEA-A6D9-BD4F923A7C03}"
	ProjectSection(ProjectDependencies) = postProject
		{EC74C4B2-861E-4B51-80F1-31CF7914A92A} = {EC74C4B2-861E-4B51-80F1-31CF7914A92A}
	EndProjectSection
EndProject
Project("{FAE04EC0-301F-11D3-BF4B-00C04F79EFBC}") = "Ec2Bootstrapper", "Ec2Bootstrapper\Ec2Bootstrapper.csproj", "{73DA308A-9CF2-48AF-A630-539FBDD74175}"
EndProject
Project("{FAE04EC0-301F-11D3-BF4B-00C04F79EFBC}") = "Ec2BootstrapperGUI", "Ec2BootstrapperGUI\Ec2BootstrapperGUI\Ec2BootstrapperGUI.csproj", "{0894F48C-92E7-4F67-A38C-6CD3E9C33B38}"
EndProject
Project("{FAE04EC0-301F-11D3-BF4B-00C04F79EFBC}") = "Ec2CertGenerator", "Ec2CertGenerator\Ec2CertGenerator.csproj", "{87B9BC15-6FF7-44E8-AB75-A8A23928EC86}"
EndProject
Project("{930C7802-8A8C-48F9-8165-68863BCCD9DD}") = "setup", "setup\setup.wixproj", "{22E33E59-FBA6-4233-8509-3BAAE32929ED}"
	ProjectSection(ProjectDependencies) = postProject
		{73DA308A-9CF2-48AF-A630-539FBDD74175} = {73DA308A-9CF2-48AF-A630-539FBDD74175}
		{0894F48C-92E7-4F67-A38C-6CD3E9C33B38} = {0894F48C-92E7-4F67-A38C-6CD3E9C33B38}
		{BC74D0AD-82F2-4FEA-A6D9-BD4F923A7C03} = {BC74D0AD-82F2-4FEA-A6D9-BD4F923A7C03}
	EndProjectSection
EndProject
Global
	GlobalSection(SolutionConfigurationPlatforms) = preSolution
		Debug|Any CPU = Debug|Any CPU
		Debug|Mixed Platforms = Debug|Mixed Platforms
		Debug|x86 = Debug|x86
		Release|Any CPU = Release|Any CPU
		Release|Mixed Platforms = Release|Mixed Platforms
		Release|x86 = Release|x86
	EndGlobalSection
	GlobalSection(ProjectConfigurationPlatforms) = postSolution
		{EC74C4B2-861E-4B51-80F1-31CF7914A92A}.Debug|Any CPU.ActiveCfg = Debug|Any CPU
		{EC74C4B2-861E-4B51-80F1-31CF7914A92A}.Debug|Any CPU.Build.0 = Debug|Any CPU
		{EC74C4B2-861E-4B51-80F1-31CF7914A92A}.Debug|Mixed Platforms.ActiveCfg = Debug|Any CPU
		{EC74C4B2-861E-4B51-80F1-31CF7914A92A}.Debug|Mixed Platforms.Build.0 = Debug|Any CPU
		{EC74C4B2-861E-4B51-80F1-31CF7914A92A}.Debug|x86.ActiveCfg = Debug|Any CPU
		{EC74C4B2-861E-4B51-80F1-31CF7914A92A}.Release|Any CPU.ActiveCfg = Release|Any CPU
		{EC74C4B2-861E-4B51-80F1-31CF7914A92A}.Release|Any CPU.Build.0 = Release|Any CPU
		{EC74C4B2-861E-4B51-80F1-31CF7914A92A}.Release|Mixed Platforms.ActiveCfg = Release|Any CPU
		{EC74C4B2-861E-4B51-80F1-31CF7914A92A}.Release|Mixed Platforms.Build.0 = Release|Any CPU
		{EC74C4B2-861E-4B51-80F1-31CF7914A92A}.Release|x86.ActiveCfg = Release|Any CPU
		{1DA05178-D1A4-4C5D-9E00-4A3FD26D7D8E}.Debug|Any CPU.ActiveCfg = Debug|Any CPU
		{1DA05178-D1A4-4C5D-9E00-4A3FD26D7D8E}.Debug|Any CPU.Build.0 = Debug|Any CPU
		{1DA05178-D1A4-4C5D-9E00-4A3FD26D7D8E}.Debug|Mixed Platforms.ActiveCfg = Debug|Any CPU
		{1DA05178-D1A4-4C5D-9E00-4A3FD26D7D8E}.Debug|Mixed Platforms.Build.0 = Debug|Any CPU
		{1DA05178-D1A4-4C5D-9E00-4A3FD26D7D8E}.Debug|x86.ActiveCfg = Debug|Any CPU
		{1DA05178-D1A4-4C5D-9E00-4A3FD26D7D8E}.Release|Any CPU.ActiveCfg = Release|Any CPU
		{1DA05178-D1A4-4C5D-9E00-4A3FD26D7D8E}.Release|Any CPU.Build.0 = Release|Any CPU
		{1DA05178-D1A4-4C5D-9E00-4A3FD26D7D8E}.Release|Mixed Platforms.ActiveCfg = Release|Any CPU
		{1DA05178-D1A4-4C5D-9E00-4A3FD26D7D8E}.Release|Mixed Platforms.Build.0 = Release|Any CPU
		{1DA05178-D1A4-4C5D-9E00-4A3FD26D7D8E}.Release|x86.ActiveCfg = Release|Any CPU
		{BC74D0AD-82F2-4FEA-A6D9-BD4F923A7C03}.Debug|Any CPU.ActiveCfg = Debug|Any CPU
		{BC74D0AD-82F2-4FEA-A6D9-BD4F923A7C03}.Debug|Any CPU.Build.0 = Debug|Any CPU
		{BC74D0AD-82F2-4FEA-A6D9-BD4F923A7C03}.Debug|Mixed Platforms.ActiveCfg = Debug|Any CPU
		{BC74D0AD-82F2-4FEA-A6D9-BD4F923A7C03}.Debug|Mixed Platforms.Build.0 = Debug|Any CPU
		{BC74D0AD-82F2-4FEA-A6D9-BD4F923A7C03}.Debug|x86.ActiveCfg = Debug|Any CPU
		{BC74D0AD-82F2-4FEA-A6D9-BD4F923A7C03}.Release|Any CPU.ActiveCfg = Release|Any CPU
		{BC74D0AD-82F2-4FEA-A6D9-BD4F923A7C03}.Release|Any CPU.Build.0 = Release|Any CPU
		{BC74D0AD-82F2-4FEA-A6D9-BD4F923A7C03}.Release|Mixed Platforms.ActiveCfg = Release|Any CPU
		{BC74D0AD-82F2-4FEA-A6D9-BD4F923A7C03}.Release|Mixed Platforms.Build.0 = Release|Any CPU
		{BC74D0AD-82F2-4FEA-A6D9-BD4F923A7C03}.Release|x86.ActiveCfg = Release|Any CPU
		{73DA308A-9CF2-48AF-A630-539FBDD74175}.Debug|Any CPU.ActiveCfg = Debug|Any CPU
		{73DA308A-9CF2-48AF-A630-539FBDD74175}.Debug|Any CPU.Build.0 = Debug|Any CPU
		{73DA308A-9CF2-48AF-A630-539FBDD74175}.Debug|Mixed Platforms.ActiveCfg = Debug|Any CPU
		{73DA308A-9CF2-48AF-A630-539FBDD74175}.Debug|Mixed Platforms.Build.0 = Debug|Any CPU
		{73DA308A-9CF2-48AF-A630-539FBDD74175}.Debug|x86.ActiveCfg = Debug|Any CPU
		{73DA308A-9CF2-48AF-A630-539FBDD74175}.Release|Any CPU.ActiveCfg = Release|Any CPU
		{73DA308A-9CF2-48AF-A630-539FBDD74175}.Release|Any CPU.Build.0 = Release|Any CPU
		{73DA308A-9CF2-48AF-A630-539FBDD74175}.Release|Mixed Platforms.ActiveCfg = Release|Any CPU
		{73DA308A-9CF2-48AF-A630-539FBDD74175}.Release|Mixed Platforms.Build.0 = Release|Any CPU
		{73DA308A-9CF2-48AF-A630-539FBDD74175}.Release|x86.ActiveCfg = Release|Any CPU
		{0894F48C-92E7-4F67-A38C-6CD3E9C33B38}.Debug|Any CPU.ActiveCfg = Debug|Any CPU
		{0894F48C-92E7-4F67-A38C-6CD3E9C33B38}.Debug|Any CPU.Build.0 = Debug|Any CPU
		{0894F48C-92E7-4F67-A38C-6CD3E9C33B38}.Debug|Mixed Platforms.ActiveCfg = Debug|Any CPU
		{0894F48C-92E7-4F67-A38C-6CD3E9C33B38}.Debug|Mixed Platforms.Build.0 = Debug|Any CPU
		{0894F48C-92E7-4F67-A38C-6CD3E9C33B38}.Debug|x86.ActiveCfg = Debug|Any CPU
		{0894F48C-92E7-4F67-A38C-6CD3E9C33B38}.Release|Any CPU.ActiveCfg = Release|Any CPU
		{0894F48C-92E7-4F67-A38C-6CD3E9C33B38}.Release|Any CPU.Build.0 = Release|Any CPU
		{0894F48C-92E7-4F67-A38C-6CD3E9C33B38}.Release|Mixed Platforms.ActiveCfg = Release|Any CPU
		{0894F48C-92E7-4F67-A38C-6CD3E9C33B38}.Release|Mixed Platforms.Build.0 = Release|Any CPU
		{0894F48C-92E7-4F67-A38C-6CD3E9C33B38}.Release|x86.ActiveCfg = Release|Any CPU
		{87B9BC15-6FF7-44E8-AB75-A8A23928EC86}.Debug|Any CPU.ActiveCfg = Debug|Any CPU
		{87B9BC15-6FF7-44E8-AB75-A8A23928EC86}.Debug|Any CPU.Build.0 = Debug|Any CPU
		{87B9BC15-6FF7-44E8-AB75-A8A23928EC86}.Debug|Mixed Platforms.ActiveCfg = Debug|Any CPU
		{87B9BC15-6FF7-44E8-AB75-A8A23928EC86}.Debug|Mixed Platforms.Build.0 = Debug|Any CPU
		{87B9BC15-6FF7-44E8-AB75-A8A23928EC86}.Debug|x86.ActiveCfg = Debug|Any CPU
		{87B9BC15-6FF7-44E8-AB75-A8A23928EC86}.Release|Any CPU.ActiveCfg = Release|Any CPU
		{87B9BC15-6FF7-44E8-AB75-A8A23928EC86}.Release|Any CPU.Build.0 = Release|Any CPU
		{87B9BC15-6FF7-44E8-AB75-A8A23928EC86}.Release|Mixed Platforms.ActiveCfg = Release|Any CPU
		{87B9BC15-6FF7-44E8-AB75-A8A23928EC86}.Release|Mixed Platforms.Build.0 = Release|Any CPU
		{87B9BC15-6FF7-44E8-AB75-A8A23928EC86}.Release|x86.ActiveCfg = Release|Any CPU
		{22E33E59-FBA6-4233-8509-3BAAE32929ED}.Debug|Any CPU.ActiveCfg = Debug|x86
		{22E33E59-FBA6-4233-8509-3BAAE32929ED}.Debug|Mixed Platforms.ActiveCfg = Debug|x86
		{22E33E59-FBA6-4233-8509-3BAAE32929ED}.Debug|Mixed Platforms.Build.0 = Debug|x86
		{22E33E59-FBA6-4233-8509-3BAAE32929ED}.Debug|x86.ActiveCfg = Debug|x86
		{22E33E59-FBA6-4233-8509-3BAAE32929ED}.Debug|x86.Build.0 = Debug|x86
		{22E33E59-FBA6-4233-8509-3BAAE32929ED}.Release|Any CPU.ActiveCfg = Release|x86
		{22E33E59-FBA6-4233-8509-3BAAE32929ED}.Release|Mixed Platforms.ActiveCfg = Release|x86
		{22E33E59-FBA6-4233-8509-3BAAE32929ED}.Release|Mixed Platforms.Build.0 = Release|x86
		{22E33E59-FBA6-4233-8509-3BAAE32929ED}.Release|x86.ActiveCfg = Release|x86
		{22E33E59-FBA6-4233-8509-3BAAE32929ED}.Release|x86.Build.0 = Release|x86
	EndGlobalSection
	GlobalSection(SolutionProperties) = preSolution
		HideSolutionNode = FALSE
	EndGlobalSection
EndGlobal
